// !$*UTF8*$!
{
	archiveVersion = 1;
	classes = {
	};
	objectVersion = 56;
	objects = {

/* Begin PBXBuildFile section */
		5A21B4DE2A7D454A00CF00BB /* FbFirestore.swift in Sources */ = {isa = PBXBuildFile; fileRef = 5A21B4DD2A7D454A00CF00BB /* FbFirestore.swift */; };
		5A21B4E02A7D4BBD00CF00BB /* SearchViewModel.swift in Sources */ = {isa = PBXBuildFile; fileRef = 5A21B4DF2A7D4BBD00CF00BB /* SearchViewModel.swift */; };
		5A21B4E22A7D50C500CF00BB /* NsApp.swift in Sources */ = {isa = PBXBuildFile; fileRef = 5A21B4E12A7D50C500CF00BB /* NsApp.swift */; };
		5A326A952A7CF4AE00629066 /* FirebaseAuth in Frameworks */ = {isa = PBXBuildFile; productRef = 5A326A942A7CF4AE00629066 /* FirebaseAuth */; };
		5A326A972A7CF4AE00629066 /* FirebaseFirestore in Frameworks */ = {isa = PBXBuildFile; productRef = 5A326A962A7CF4AE00629066 /* FirebaseFirestore */; };
		5A326A992A7CF4AE00629066 /* FirebaseFirestoreSwift in Frameworks */ = {isa = PBXBuildFile; productRef = 5A326A982A7CF4AE00629066 /* FirebaseFirestoreSwift */; };
		5A326A9B2A7CF4AE00629066 /* FirebaseStorage in Frameworks */ = {isa = PBXBuildFile; productRef = 5A326A9A2A7CF4AE00629066 /* FirebaseStorage */; };
		5A326A9D2A7CF51000629066 /* GoogleService-Info.plist in Resources */ = {isa = PBXBuildFile; fileRef = 5A326A9C2A7CF51000629066 /* GoogleService-Info.plist */; };
		5A326A9F2A7CF58400629066 /* AppDelegate.swift in Sources */ = {isa = PBXBuildFile; fileRef = 5A326A9E2A7CF58400629066 /* AppDelegate.swift */; };
		5A326AA22A7CF79300629066 /* AuthenticationManager.swift in Sources */ = {isa = PBXBuildFile; fileRef = 5A326AA12A7CF79300629066 /* AuthenticationManager.swift */; };
		5A326AAA2A7CFA7200629066 /* UserService.swift in Sources */ = {isa = PBXBuildFile; fileRef = 5A326AA92A7CFA7200629066 /* UserService.swift */; };
		5A326AB02A7D001500629066 /* ErrorHandler.swift in Sources */ = {isa = PBXBuildFile; fileRef = 5A326AAF2A7D001500629066 /* ErrorHandler.swift */; };
		5A326AB22A7D004A00629066 /* AuthenticationViewModel.swift in Sources */ = {isa = PBXBuildFile; fileRef = 5A326AB12A7D004A00629066 /* AuthenticationViewModel.swift */; };
		5A326AB52A7D1D5500629066 /* UserManager.swift in Sources */ = {isa = PBXBuildFile; fileRef = 5A326AB42A7D1D5500629066 /* UserManager.swift */; };
		5A326AB82A7D22F100629066 /* AppError.swift in Sources */ = {isa = PBXBuildFile; fileRef = 5A326AB72A7D22F100629066 /* AppError.swift */; };
		5A326ABA2A7D239800629066 /* Query.swift in Sources */ = {isa = PBXBuildFile; fileRef = 5A326AB92A7D239700629066 /* Query.swift */; };
		5A326ABD2A7D255F00629066 /* ProfileView.swift in Sources */ = {isa = PBXBuildFile; fileRef = 5A326ABC2A7D255F00629066 /* ProfileView.swift */; };
		5A326ABF2A7D256500629066 /* ProfileViewModel.swift in Sources */ = {isa = PBXBuildFile; fileRef = 5A326ABE2A7D256500629066 /* ProfileViewModel.swift */; };
		5A326AC12A7D288400629066 /* Combine.swift in Sources */ = {isa = PBXBuildFile; fileRef = 5A326AC02A7D288400629066 /* Combine.swift */; };
		5A326AC32A7D334A00629066 /* SearchView.swift in Sources */ = {isa = PBXBuildFile; fileRef = 5A326AC22A7D334A00629066 /* SearchView.swift */; };
		5A326AC52A7D338900629066 /* SearchTextField.swift in Sources */ = {isa = PBXBuildFile; fileRef = 5A326AC42A7D338900629066 /* SearchTextField.swift */; };
		5A44A6642A77ED0E00C04810 /* VamaApp.swift in Sources */ = {isa = PBXBuildFile; fileRef = 5A44A6632A77ED0E00C04810 /* VamaApp.swift */; };
		5A44A6682A77ED1000C04810 /* Assets.xcassets in Resources */ = {isa = PBXBuildFile; fileRef = 5A44A6672A77ED1000C04810 /* Assets.xcassets */; };
		5A44A66B2A77ED1000C04810 /* Preview Assets.xcassets in Resources */ = {isa = PBXBuildFile; fileRef = 5A44A66A2A77ED1000C04810 /* Preview Assets.xcassets */; };
		5A44A6782A77EE3600C04810 /* View.swift in Sources */ = {isa = PBXBuildFile; fileRef = 5A44A6772A77EE3600C04810 /* View.swift */; };
		5A44A67D2A77EECE00C04810 /* MainView.swift in Sources */ = {isa = PBXBuildFile; fileRef = 5A44A67C2A77EECE00C04810 /* MainView.swift */; };
		5A44A67F2A77EEE100C04810 /* TabButton.swift in Sources */ = {isa = PBXBuildFile; fileRef = 5A44A67E2A77EEE100C04810 /* TabButton.swift */; };
		5A44A6812A77F0F300C04810 /* Router.swift in Sources */ = {isa = PBXBuildFile; fileRef = 5A44A6802A77F0F300C04810 /* Router.swift */; };
		5A44A6832A77F16C00C04810 /* MainTab.swift in Sources */ = {isa = PBXBuildFile; fileRef = 5A44A6822A77F16C00C04810 /* MainTab.swift */; };
		5A44A6862A77F64F00C04810 /* BlurView.swift in Sources */ = {isa = PBXBuildFile; fileRef = 5A44A6852A77F64F00C04810 /* BlurView.swift */; };
		5A44A6892A77FF7300C04810 /* ChatsView.swift in Sources */ = {isa = PBXBuildFile; fileRef = 5A44A6882A77FF7300C04810 /* ChatsView.swift */; };
		5A4872792A7BA6B100610359 /* DialogView.swift in Sources */ = {isa = PBXBuildFile; fileRef = 5A4872782A7BA6B100610359 /* DialogView.swift */; };
		5A48727B2A7BA6DE00610359 /* MessageRow.swift in Sources */ = {isa = PBXBuildFile; fileRef = 5A48727A2A7BA6DE00610359 /* MessageRow.swift */; };
		5A48727D2A7BA9B400610359 /* Message.swift in Sources */ = {isa = PBXBuildFile; fileRef = 5A48727C2A7BA9B400610359 /* Message.swift */; };
		5A48727F2A7BAA5100610359 /* Date.swift in Sources */ = {isa = PBXBuildFile; fileRef = 5A48727E2A7BAA5100610359 /* Date.swift */; };
		5A4872822A7BB4B800610359 /* String.swift in Sources */ = {isa = PBXBuildFile; fileRef = 5A4872812A7BB4B800610359 /* String.swift */; };
		5A4872852A7BC91300610359 /* ChatRowView.swift in Sources */ = {isa = PBXBuildFile; fileRef = 5A4872842A7BC91300610359 /* ChatRowView.swift */; };
		5A4872872A7BC98C00610359 /* Chat.swift in Sources */ = {isa = PBXBuildFile; fileRef = 5A4872862A7BC98C00610359 /* Chat.swift */; };
		5A4872892A7BC9BE00610359 /* User.swift in Sources */ = {isa = PBXBuildFile; fileRef = 5A4872882A7BC9BE00610359 /* User.swift */; };
		5A48728B2A7BCA8D00610359 /* StorageItem.swift in Sources */ = {isa = PBXBuildFile; fileRef = 5A48728A2A7BCA8D00610359 /* StorageItem.swift */; };
		5A48728E2A7BCC5400610359 /* NukeUI in Frameworks */ = {isa = PBXBuildFile; productRef = 5A48728D2A7BCC5400610359 /* NukeUI */; };
		5A4872912A7BCC9F00610359 /* LazyNukeImage.swift in Sources */ = {isa = PBXBuildFile; fileRef = 5A4872902A7BCC9F00610359 /* LazyNukeImage.swift */; };
		5A4872942A7BCEA600610359 /* AvatarView.swift in Sources */ = {isa = PBXBuildFile; fileRef = 5A4872932A7BCEA600610359 /* AvatarView.swift */; };
		5A4872972A7BD83200610359 /* MessageMedia.swift in Sources */ = {isa = PBXBuildFile; fileRef = 5A4872962A7BD83200610359 /* MessageMedia.swift */; };
		5A48729B2A7BF2A000610359 /* ChatViewModel.swift in Sources */ = {isa = PBXBuildFile; fileRef = 5A48729A2A7BF2A000610359 /* ChatViewModel.swift */; };
		5A48729E2A7BF41400610359 /* DialogViewModel.swift in Sources */ = {isa = PBXBuildFile; fileRef = 5A48729D2A7BF41400610359 /* DialogViewModel.swift */; };
		5A4872A12A7BF63400610359 /* Algorithms in Frameworks */ = {isa = PBXBuildFile; productRef = 5A4872A02A7BF63400610359 /* Algorithms */; };
		5A4872A32A7CE7A100610359 /* ChatAction.swift in Sources */ = {isa = PBXBuildFile; fileRef = 5A4872A22A7CE7A100610359 /* ChatAction.swift */; };
		5ABC15882A7C4E7A0063128F /* AuthView.swift in Sources */ = {isa = PBXBuildFile; fileRef = 5ABC15872A7C4E7A0063128F /* AuthView.swift */; };
		5ABC158A2A7C4EE60063128F /* ContentView.swift in Sources */ = {isa = PBXBuildFile; fileRef = 5ABC15892A7C4EE60063128F /* ContentView.swift */; };
		5ABC158C2A7C50A20063128F /* DialogView+BottomBarView.swift in Sources */ = {isa = PBXBuildFile; fileRef = 5ABC158B2A7C50A20063128F /* DialogView+BottomBarView.swift */; };
		5ABC158E2A7C5A620063128F /* MessageAction.swift in Sources */ = {isa = PBXBuildFile; fileRef = 5ABC158D2A7C5A620063128F /* MessageAction.swift */; };
		5ABC15922A7C60860063128F /* DialogView+NavbarView.swift in Sources */ = {isa = PBXBuildFile; fileRef = 5ABC15912A7C60860063128F /* DialogView+NavbarView.swift */; };
		5ABC15942A7C687D0063128F /* ChatConversation.swift in Sources */ = {isa = PBXBuildFile; fileRef = 5ABC15932A7C687D0063128F /* ChatConversation.swift */; };
		5AD635432A7E76B600FE0900 /* ChatService.swift in Sources */ = {isa = PBXBuildFile; fileRef = 5AD635422A7E76B600FE0900 /* ChatService.swift */; };
		5AD635472A7EFC7B00FE0900 /* FBTimestamp.swift in Sources */ = {isa = PBXBuildFile; fileRef = 5AD635462A7EFC7B00FE0900 /* FBTimestamp.swift */; };
		5AD635492A7FB51700FE0900 /* MessageService.swift in Sources */ = {isa = PBXBuildFile; fileRef = 5AD635482A7FB51700FE0900 /* MessageService.swift */; };
/* End PBXBuildFile section */

/* Begin PBXFileReference section */
		5A21B4DD2A7D454A00CF00BB /* FbFirestore.swift */ = {isa = PBXFileReference; lastKnownFileType = sourcecode.swift; path = FbFirestore.swift; sourceTree = "<group>"; };
		5A21B4DF2A7D4BBD00CF00BB /* SearchViewModel.swift */ = {isa = PBXFileReference; lastKnownFileType = sourcecode.swift; path = SearchViewModel.swift; sourceTree = "<group>"; };
		5A21B4E12A7D50C500CF00BB /* NsApp.swift */ = {isa = PBXFileReference; lastKnownFileType = sourcecode.swift; path = NsApp.swift; sourceTree = "<group>"; };
		5A326A9C2A7CF51000629066 /* GoogleService-Info.plist */ = {isa = PBXFileReference; fileEncoding = 4; lastKnownFileType = text.plist.xml; path = "GoogleService-Info.plist"; sourceTree = "<group>"; };
		5A326A9E2A7CF58400629066 /* AppDelegate.swift */ = {isa = PBXFileReference; lastKnownFileType = sourcecode.swift; path = AppDelegate.swift; sourceTree = "<group>"; };
		5A326AA02A7CF69A00629066 /* Info.plist */ = {isa = PBXFileReference; lastKnownFileType = text.plist; path = Info.plist; sourceTree = "<group>"; };
		5A326AA12A7CF79300629066 /* AuthenticationManager.swift */ = {isa = PBXFileReference; lastKnownFileType = sourcecode.swift; path = AuthenticationManager.swift; sourceTree = "<group>"; };
		5A326AA92A7CFA7200629066 /* UserService.swift */ = {isa = PBXFileReference; lastKnownFileType = sourcecode.swift; path = UserService.swift; sourceTree = "<group>"; };
		5A326AAF2A7D001500629066 /* ErrorHandler.swift */ = {isa = PBXFileReference; lastKnownFileType = sourcecode.swift; path = ErrorHandler.swift; sourceTree = "<group>"; };
		5A326AB12A7D004A00629066 /* AuthenticationViewModel.swift */ = {isa = PBXFileReference; lastKnownFileType = sourcecode.swift; name = AuthenticationViewModel.swift; path = ../AuthenticationViewModel.swift; sourceTree = "<group>"; };
		5A326AB42A7D1D5500629066 /* UserManager.swift */ = {isa = PBXFileReference; lastKnownFileType = sourcecode.swift; path = UserManager.swift; sourceTree = "<group>"; };
		5A326AB72A7D22F100629066 /* AppError.swift */ = {isa = PBXFileReference; lastKnownFileType = sourcecode.swift; path = AppError.swift; sourceTree = "<group>"; };
		5A326AB92A7D239700629066 /* Query.swift */ = {isa = PBXFileReference; lastKnownFileType = sourcecode.swift; path = Query.swift; sourceTree = "<group>"; };
		5A326ABC2A7D255F00629066 /* ProfileView.swift */ = {isa = PBXFileReference; lastKnownFileType = sourcecode.swift; path = ProfileView.swift; sourceTree = "<group>"; };
		5A326ABE2A7D256500629066 /* ProfileViewModel.swift */ = {isa = PBXFileReference; lastKnownFileType = sourcecode.swift; path = ProfileViewModel.swift; sourceTree = "<group>"; };
		5A326AC02A7D288400629066 /* Combine.swift */ = {isa = PBXFileReference; lastKnownFileType = sourcecode.swift; path = Combine.swift; sourceTree = "<group>"; };
		5A326AC22A7D334A00629066 /* SearchView.swift */ = {isa = PBXFileReference; lastKnownFileType = sourcecode.swift; path = SearchView.swift; sourceTree = "<group>"; };
		5A326AC42A7D338900629066 /* SearchTextField.swift */ = {isa = PBXFileReference; lastKnownFileType = sourcecode.swift; path = SearchTextField.swift; sourceTree = "<group>"; };
		5A44A6602A77ED0E00C04810 /* Vama.app */ = {isa = PBXFileReference; explicitFileType = wrapper.application; includeInIndex = 0; path = Vama.app; sourceTree = BUILT_PRODUCTS_DIR; };
		5A44A6632A77ED0E00C04810 /* VamaApp.swift */ = {isa = PBXFileReference; lastKnownFileType = sourcecode.swift; path = VamaApp.swift; sourceTree = "<group>"; };
		5A44A6672A77ED1000C04810 /* Assets.xcassets */ = {isa = PBXFileReference; lastKnownFileType = folder.assetcatalog; path = Assets.xcassets; sourceTree = "<group>"; };
		5A44A66A2A77ED1000C04810 /* Preview Assets.xcassets */ = {isa = PBXFileReference; lastKnownFileType = folder.assetcatalog; path = "Preview Assets.xcassets"; sourceTree = "<group>"; };
		5A44A66C2A77ED1000C04810 /* Vama.entitlements */ = {isa = PBXFileReference; lastKnownFileType = text.plist.entitlements; path = Vama.entitlements; sourceTree = "<group>"; };
		5A44A6772A77EE3600C04810 /* View.swift */ = {isa = PBXFileReference; lastKnownFileType = sourcecode.swift; path = View.swift; sourceTree = "<group>"; };
		5A44A67C2A77EECE00C04810 /* MainView.swift */ = {isa = PBXFileReference; lastKnownFileType = sourcecode.swift; path = MainView.swift; sourceTree = "<group>"; };
		5A44A67E2A77EEE100C04810 /* TabButton.swift */ = {isa = PBXFileReference; lastKnownFileType = sourcecode.swift; path = TabButton.swift; sourceTree = "<group>"; };
		5A44A6802A77F0F300C04810 /* Router.swift */ = {isa = PBXFileReference; lastKnownFileType = sourcecode.swift; path = Router.swift; sourceTree = "<group>"; };
		5A44A6822A77F16C00C04810 /* MainTab.swift */ = {isa = PBXFileReference; lastKnownFileType = sourcecode.swift; path = MainTab.swift; sourceTree = "<group>"; };
		5A44A6852A77F64F00C04810 /* BlurView.swift */ = {isa = PBXFileReference; lastKnownFileType = sourcecode.swift; path = BlurView.swift; sourceTree = "<group>"; };
		5A44A6882A77FF7300C04810 /* ChatsView.swift */ = {isa = PBXFileReference; lastKnownFileType = sourcecode.swift; path = ChatsView.swift; sourceTree = "<group>"; };
		5A4872782A7BA6B100610359 /* DialogView.swift */ = {isa = PBXFileReference; lastKnownFileType = sourcecode.swift; path = DialogView.swift; sourceTree = "<group>"; };
		5A48727A2A7BA6DE00610359 /* MessageRow.swift */ = {isa = PBXFileReference; lastKnownFileType = sourcecode.swift; path = MessageRow.swift; sourceTree = "<group>"; };
		5A48727C2A7BA9B400610359 /* Message.swift */ = {isa = PBXFileReference; lastKnownFileType = sourcecode.swift; path = Message.swift; sourceTree = "<group>"; };
		5A48727E2A7BAA5100610359 /* Date.swift */ = {isa = PBXFileReference; lastKnownFileType = sourcecode.swift; path = Date.swift; sourceTree = "<group>"; };
		5A4872812A7BB4B800610359 /* String.swift */ = {isa = PBXFileReference; lastKnownFileType = sourcecode.swift; path = String.swift; sourceTree = "<group>"; };
		5A4872842A7BC91300610359 /* ChatRowView.swift */ = {isa = PBXFileReference; lastKnownFileType = sourcecode.swift; path = ChatRowView.swift; sourceTree = "<group>"; };
		5A4872862A7BC98C00610359 /* Chat.swift */ = {isa = PBXFileReference; lastKnownFileType = sourcecode.swift; path = Chat.swift; sourceTree = "<group>"; };
		5A4872882A7BC9BE00610359 /* User.swift */ = {isa = PBXFileReference; lastKnownFileType = sourcecode.swift; path = User.swift; sourceTree = "<group>"; };
		5A48728A2A7BCA8D00610359 /* StorageItem.swift */ = {isa = PBXFileReference; lastKnownFileType = sourcecode.swift; path = StorageItem.swift; sourceTree = "<group>"; };
		5A4872902A7BCC9F00610359 /* LazyNukeImage.swift */ = {isa = PBXFileReference; lastKnownFileType = sourcecode.swift; path = LazyNukeImage.swift; sourceTree = "<group>"; };
		5A4872932A7BCEA600610359 /* AvatarView.swift */ = {isa = PBXFileReference; lastKnownFileType = sourcecode.swift; path = AvatarView.swift; sourceTree = "<group>"; };
		5A4872962A7BD83200610359 /* MessageMedia.swift */ = {isa = PBXFileReference; lastKnownFileType = sourcecode.swift; path = MessageMedia.swift; sourceTree = "<group>"; };
		5A48729A2A7BF2A000610359 /* ChatViewModel.swift */ = {isa = PBXFileReference; lastKnownFileType = sourcecode.swift; path = ChatViewModel.swift; sourceTree = "<group>"; };
		5A48729D2A7BF41400610359 /* DialogViewModel.swift */ = {isa = PBXFileReference; lastKnownFileType = sourcecode.swift; path = DialogViewModel.swift; sourceTree = "<group>"; };
		5A4872A22A7CE7A100610359 /* ChatAction.swift */ = {isa = PBXFileReference; lastKnownFileType = sourcecode.swift; path = ChatAction.swift; sourceTree = "<group>"; };
		5ABC15872A7C4E7A0063128F /* AuthView.swift */ = {isa = PBXFileReference; lastKnownFileType = sourcecode.swift; path = AuthView.swift; sourceTree = "<group>"; };
		5ABC15892A7C4EE60063128F /* ContentView.swift */ = {isa = PBXFileReference; lastKnownFileType = sourcecode.swift; path = ContentView.swift; sourceTree = "<group>"; };
		5ABC158B2A7C50A20063128F /* DialogView+BottomBarView.swift */ = {isa = PBXFileReference; lastKnownFileType = sourcecode.swift; path = "DialogView+BottomBarView.swift"; sourceTree = "<group>"; };
		5ABC158D2A7C5A620063128F /* MessageAction.swift */ = {isa = PBXFileReference; lastKnownFileType = sourcecode.swift; path = MessageAction.swift; sourceTree = "<group>"; };
		5ABC15912A7C60860063128F /* DialogView+NavbarView.swift */ = {isa = PBXFileReference; lastKnownFileType = sourcecode.swift; path = "DialogView+NavbarView.swift"; sourceTree = "<group>"; };
		5ABC15932A7C687D0063128F /* ChatConversation.swift */ = {isa = PBXFileReference; lastKnownFileType = sourcecode.swift; path = ChatConversation.swift; sourceTree = "<group>"; };
		5AD635422A7E76B600FE0900 /* ChatService.swift */ = {isa = PBXFileReference; lastKnownFileType = sourcecode.swift; path = ChatService.swift; sourceTree = "<group>"; };
		5AD635462A7EFC7B00FE0900 /* FBTimestamp.swift */ = {isa = PBXFileReference; lastKnownFileType = sourcecode.swift; path = FBTimestamp.swift; sourceTree = "<group>"; };
		5AD635482A7FB51700FE0900 /* MessageService.swift */ = {isa = PBXFileReference; lastKnownFileType = sourcecode.swift; path = MessageService.swift; sourceTree = "<group>"; };
/* End PBXFileReference section */

/* Begin PBXFrameworksBuildPhase section */
		5A44A65D2A77ED0E00C04810 /* Frameworks */ = {
			isa = PBXFrameworksBuildPhase;
			buildActionMask = 2147483647;
			files = (
				5A326A992A7CF4AE00629066 /* FirebaseFirestoreSwift in Frameworks */,
				5A4872A12A7BF63400610359 /* Algorithms in Frameworks */,
				5A326A972A7CF4AE00629066 /* FirebaseFirestore in Frameworks */,
				5A326A952A7CF4AE00629066 /* FirebaseAuth in Frameworks */,
				5A48728E2A7BCC5400610359 /* NukeUI in Frameworks */,
				5A326A9B2A7CF4AE00629066 /* FirebaseStorage in Frameworks */,
			);
			runOnlyForDeploymentPostprocessing = 0;
		};
/* End PBXFrameworksBuildPhase section */

/* Begin PBXGroup section */
		5A326AA82A7CFA5900629066 /* FBServices */ = {
			isa = PBXGroup;
			children = (
				5A21B4DD2A7D454A00CF00BB /* FbFirestore.swift */,
				5A326AA92A7CFA7200629066 /* UserService.swift */,
				5A326AB42A7D1D5500629066 /* UserManager.swift */,
				5AD635422A7E76B600FE0900 /* ChatService.swift */,
				5AD635482A7FB51700FE0900 /* MessageService.swift */,
			);
			path = FBServices;
			sourceTree = "<group>";
		};
		5A326AAB2A7CFB4900629066 /* User */ = {
			isa = PBXGroup;
			children = (
				5A4872882A7BC9BE00610359 /* User.swift */,
			);
			path = User;
			sourceTree = "<group>";
		};
		5A326AAE2A7D000900629066 /* Modifiers */ = {
			isa = PBXGroup;
			children = (
				5A326AAF2A7D001500629066 /* ErrorHandler.swift */,
			);
			path = Modifiers;
			sourceTree = "<group>";
		};
		5A326AB32A7D005500629066 /* ViewModel */ = {
			isa = PBXGroup;
			children = (
				5A326AB12A7D004A00629066 /* AuthenticationViewModel.swift */,
				5A326AA12A7CF79300629066 /* AuthenticationManager.swift */,
			);
			path = ViewModel;
			sourceTree = "<group>";
		};
		5A326AB62A7D22EA00629066 /* Helpers */ = {
			isa = PBXGroup;
			children = (
				5A326AB72A7D22F100629066 /* AppError.swift */,
				5AD635462A7EFC7B00FE0900 /* FBTimestamp.swift */,
			);
			path = Helpers;
			sourceTree = "<group>";
		};
		5A326ABB2A7D255000629066 /* ProfileView */ = {
			isa = PBXGroup;
			children = (
				5A326ABC2A7D255F00629066 /* ProfileView.swift */,
				5A326ABE2A7D256500629066 /* ProfileViewModel.swift */,
			);
			path = ProfileView;
			sourceTree = "<group>";
		};
		5A44A6572A77ED0E00C04810 = {
			isa = PBXGroup;
			children = (
				5A44A6622A77ED0E00C04810 /* Vama */,
				5A44A6612A77ED0E00C04810 /* Products */,
			);
			sourceTree = "<group>";
		};
		5A44A6612A77ED0E00C04810 /* Products */ = {
			isa = PBXGroup;
			children = (
				5A44A6602A77ED0E00C04810 /* Vama.app */,
			);
			name = Products;
			sourceTree = "<group>";
		};
		5A44A6622A77ED0E00C04810 /* Vama */ = {
			isa = PBXGroup;
			children = (
				5A326AA02A7CF69A00629066 /* Info.plist */,
				5A44A67A2A77EE9F00C04810 /* App */,
				5A326AA82A7CFA5900629066 /* FBServices */,
				5A44A6752A77EE0200C04810 /* Utils */,
				5A44A6722A77EDEF00C04810 /* Core */,
				5A44A6672A77ED1000C04810 /* Assets.xcassets */,
				5A44A66C2A77ED1000C04810 /* Vama.entitlements */,
				5A326A9C2A7CF51000629066 /* GoogleService-Info.plist */,
				5A44A6692A77ED1000C04810 /* Preview Content */,
			);
			path = Vama;
			sourceTree = "<group>";
		};
		5A44A6692A77ED1000C04810 /* Preview Content */ = {
			isa = PBXGroup;
			children = (
				5A44A66A2A77ED1000C04810 /* Preview Assets.xcassets */,
			);
			path = "Preview Content";
			sourceTree = "<group>";
		};
		5A44A6722A77EDEF00C04810 /* Core */ = {
			isa = PBXGroup;
			children = (
				5A44A6742A77EDF500C04810 /* View */,
				5A44A6732A77EDF100C04810 /* Models */,
			);
			path = Core;
			sourceTree = "<group>";
		};
		5A44A6732A77EDF100C04810 /* Models */ = {
			isa = PBXGroup;
			children = (
				5A326AAB2A7CFB4900629066 /* User */,
				5A4872982A7BEF5100610359 /* Chat */,
				5A4872952A7BD82100610359 /* Message */,
				5A44A6822A77F16C00C04810 /* MainTab.swift */,
				5A48728A2A7BCA8D00610359 /* StorageItem.swift */,
			);
			path = Models;
			sourceTree = "<group>";
		};
		5A44A6742A77EDF500C04810 /* View */ = {
			isa = PBXGroup;
			children = (
				5A326ABB2A7D255000629066 /* ProfileView */,
				5ABC15862A7C4E2C0063128F /* AuthView */,
				5A4872772A7BA6A500610359 /* DialogView */,
				5A44A6872A77FF3900C04810 /* ChatsView */,
				5A44A6842A77F63C00C04810 /* ViewComponents */,
				5A44A67B2A77EEC700C04810 /* MainView */,
			);
			path = View;
			sourceTree = "<group>";
		};
		5A44A6752A77EE0200C04810 /* Utils */ = {
			isa = PBXGroup;
			children = (
				5A326AB62A7D22EA00629066 /* Helpers */,
				5A326AAE2A7D000900629066 /* Modifiers */,
				5A44A6762A77EE0A00C04810 /* Extensions */,
			);
			path = Utils;
			sourceTree = "<group>";
		};
		5A44A6762A77EE0A00C04810 /* Extensions */ = {
			isa = PBXGroup;
			children = (
				5A44A6772A77EE3600C04810 /* View.swift */,
				5A48727E2A7BAA5100610359 /* Date.swift */,
				5A4872812A7BB4B800610359 /* String.swift */,
				5A326AB92A7D239700629066 /* Query.swift */,
				5A326AC02A7D288400629066 /* Combine.swift */,
				5A21B4E12A7D50C500CF00BB /* NsApp.swift */,
			);
			path = Extensions;
			sourceTree = "<group>";
		};
		5A44A67A2A77EE9F00C04810 /* App */ = {
			isa = PBXGroup;
			children = (
				5A44A6632A77ED0E00C04810 /* VamaApp.swift */,
				5A44A6802A77F0F300C04810 /* Router.swift */,
				5ABC15892A7C4EE60063128F /* ContentView.swift */,
				5A326A9E2A7CF58400629066 /* AppDelegate.swift */,
			);
			path = App;
			sourceTree = "<group>";
		};
		5A44A67B2A77EEC700C04810 /* MainView */ = {
			isa = PBXGroup;
			children = (
				5A44A67C2A77EECE00C04810 /* MainView.swift */,
				5A44A67E2A77EEE100C04810 /* TabButton.swift */,
			);
			path = MainView;
			sourceTree = "<group>";
		};
		5A44A6842A77F63C00C04810 /* ViewComponents */ = {
			isa = PBXGroup;
			children = (
				5A4872922A7BCE8B00610359 /* ImageView */,
				5A48728F2A7BCC8500610359 /* NulkeUIImage */,
				5A44A6852A77F64F00C04810 /* BlurView.swift */,
			);
			path = ViewComponents;
			sourceTree = "<group>";
		};
		5A44A6872A77FF3900C04810 /* ChatsView */ = {
			isa = PBXGroup;
			children = (
				5A4872992A7BF29500610359 /* ViewModel */,
				5A4872832A7BC90000610359 /* Components */,
				5A44A6882A77FF7300C04810 /* ChatsView.swift */,
				5A326AC22A7D334A00629066 /* SearchView.swift */,
			);
			path = ChatsView;
			sourceTree = "<group>";
		};
		5A4872772A7BA6A500610359 /* DialogView */ = {
			isa = PBXGroup;
			children = (
				5A48729C2A7BF40B00610359 /* ViewModel */,
				5A4872802A7BABA200610359 /* Components */,
				5A4872782A7BA6B100610359 /* DialogView.swift */,
			);
			path = DialogView;
			sourceTree = "<group>";
		};
		5A4872802A7BABA200610359 /* Components */ = {
			isa = PBXGroup;
			children = (
				5A48727A2A7BA6DE00610359 /* MessageRow.swift */,
				5ABC158B2A7C50A20063128F /* DialogView+BottomBarView.swift */,
				5ABC15912A7C60860063128F /* DialogView+NavbarView.swift */,
			);
			path = Components;
			sourceTree = "<group>";
		};
		5A4872832A7BC90000610359 /* Components */ = {
			isa = PBXGroup;
			children = (
				5A4872842A7BC91300610359 /* ChatRowView.swift */,
				5A326AC42A7D338900629066 /* SearchTextField.swift */,
			);
			path = Components;
			sourceTree = "<group>";
		};
		5A48728F2A7BCC8500610359 /* NulkeUIImage */ = {
			isa = PBXGroup;
			children = (
				5A4872902A7BCC9F00610359 /* LazyNukeImage.swift */,
			);
			path = NulkeUIImage;
			sourceTree = "<group>";
		};
		5A4872922A7BCE8B00610359 /* ImageView */ = {
			isa = PBXGroup;
			children = (
				5A4872932A7BCEA600610359 /* AvatarView.swift */,
			);
			path = ImageView;
			sourceTree = "<group>";
		};
		5A4872952A7BD82100610359 /* Message */ = {
			isa = PBXGroup;
			children = (
				5A48727C2A7BA9B400610359 /* Message.swift */,
				5A4872962A7BD83200610359 /* MessageMedia.swift */,
				5ABC158D2A7C5A620063128F /* MessageAction.swift */,
			);
			path = Message;
			sourceTree = "<group>";
		};
		5A4872982A7BEF5100610359 /* Chat */ = {
			isa = PBXGroup;
			children = (
				5A4872862A7BC98C00610359 /* Chat.swift */,
				5ABC15932A7C687D0063128F /* ChatConversation.swift */,
				5A4872A22A7CE7A100610359 /* ChatAction.swift */,
			);
			path = Chat;
			sourceTree = "<group>";
		};
		5A4872992A7BF29500610359 /* ViewModel */ = {
			isa = PBXGroup;
			children = (
				5A48729A2A7BF2A000610359 /* ChatViewModel.swift */,
				5A21B4DF2A7D4BBD00CF00BB /* SearchViewModel.swift */,
			);
			path = ViewModel;
			sourceTree = "<group>";
		};
		5A48729C2A7BF40B00610359 /* ViewModel */ = {
			isa = PBXGroup;
			children = (
				5A48729D2A7BF41400610359 /* DialogViewModel.swift */,
			);
			path = ViewModel;
			sourceTree = "<group>";
		};
		5ABC15862A7C4E2C0063128F /* AuthView */ = {
			isa = PBXGroup;
			children = (
				5ABC15872A7C4E7A0063128F /* AuthView.swift */,
				5A326AB32A7D005500629066 /* ViewModel */,
			);
			path = AuthView;
			sourceTree = "<group>";
		};
/* End PBXGroup section */

/* Begin PBXNativeTarget section */
		5A44A65F2A77ED0E00C04810 /* Vama */ = {
			isa = PBXNativeTarget;
			buildConfigurationList = 5A44A66F2A77ED1000C04810 /* Build configuration list for PBXNativeTarget "Vama" */;
			buildPhases = (
				5A44A65C2A77ED0E00C04810 /* Sources */,
				5A44A65D2A77ED0E00C04810 /* Frameworks */,
				5A44A65E2A77ED0E00C04810 /* Resources */,
			);
			buildRules = (
			);
			dependencies = (
			);
			name = Vama;
			packageProductDependencies = (
				5A48728D2A7BCC5400610359 /* NukeUI */,
				5A4872A02A7BF63400610359 /* Algorithms */,
				5A326A942A7CF4AE00629066 /* FirebaseAuth */,
				5A326A962A7CF4AE00629066 /* FirebaseFirestore */,
				5A326A982A7CF4AE00629066 /* FirebaseFirestoreSwift */,
				5A326A9A2A7CF4AE00629066 /* FirebaseStorage */,
			);
			productName = Vama;
			productReference = 5A44A6602A77ED0E00C04810 /* Vama.app */;
			productType = "com.apple.product-type.application";
		};
/* End PBXNativeTarget section */

/* Begin PBXProject section */
		5A44A6582A77ED0E00C04810 /* Project object */ = {
			isa = PBXProject;
			attributes = {
				BuildIndependentTargetsInParallel = 1;
				LastSwiftUpdateCheck = 1430;
				LastUpgradeCheck = 1430;
				TargetAttributes = {
					5A44A65F2A77ED0E00C04810 = {
						CreatedOnToolsVersion = 14.3;
					};
				};
			};
			buildConfigurationList = 5A44A65B2A77ED0E00C04810 /* Build configuration list for PBXProject "Vama" */;
			compatibilityVersion = "Xcode 14.0";
			developmentRegion = en;
			hasScannedForEncodings = 0;
			knownRegions = (
				en,
				Base,
			);
			mainGroup = 5A44A6572A77ED0E00C04810;
			packageReferences = (
				5A48728C2A7BCC5400610359 /* XCRemoteSwiftPackageReference "NukeUI" */,
				5A48729F2A7BF63400610359 /* XCRemoteSwiftPackageReference "swift-algorithms" */,
				5A326A932A7CF4AE00629066 /* XCRemoteSwiftPackageReference "firebase-ios-sdk" */,
			);
			productRefGroup = 5A44A6612A77ED0E00C04810 /* Products */;
			projectDirPath = "";
			projectRoot = "";
			targets = (
				5A44A65F2A77ED0E00C04810 /* Vama */,
			);
		};
/* End PBXProject section */

/* Begin PBXResourcesBuildPhase section */
		5A44A65E2A77ED0E00C04810 /* Resources */ = {
			isa = PBXResourcesBuildPhase;
			buildActionMask = 2147483647;
			files = (
				5A44A66B2A77ED1000C04810 /* Preview Assets.xcassets in Resources */,
				5A44A6682A77ED1000C04810 /* Assets.xcassets in Resources */,
				5A326A9D2A7CF51000629066 /* GoogleService-Info.plist in Resources */,
			);
			runOnlyForDeploymentPostprocessing = 0;
		};
/* End PBXResourcesBuildPhase section */

/* Begin PBXSourcesBuildPhase section */
		5A44A65C2A77ED0E00C04810 /* Sources */ = {
			isa = PBXSourcesBuildPhase;
			buildActionMask = 2147483647;
			files = (
				5A44A6862A77F64F00C04810 /* BlurView.swift in Sources */,
				5A4872792A7BA6B100610359 /* DialogView.swift in Sources */,
				5ABC158A2A7C4EE60063128F /* ContentView.swift in Sources */,
				5A44A67D2A77EECE00C04810 /* MainView.swift in Sources */,
				5A4872822A7BB4B800610359 /* String.swift in Sources */,
				5ABC158C2A7C50A20063128F /* DialogView+BottomBarView.swift in Sources */,
				5A44A6642A77ED0E00C04810 /* VamaApp.swift in Sources */,
				5A326ABA2A7D239800629066 /* Query.swift in Sources */,
				5A48727B2A7BA6DE00610359 /* MessageRow.swift in Sources */,
				5A4872892A7BC9BE00610359 /* User.swift in Sources */,
				5A21B4DE2A7D454A00CF00BB /* FbFirestore.swift in Sources */,
				5A326AC32A7D334A00629066 /* SearchView.swift in Sources */,
				5ABC15922A7C60860063128F /* DialogView+NavbarView.swift in Sources */,
				5A48728B2A7BCA8D00610359 /* StorageItem.swift in Sources */,
				5A21B4E22A7D50C500CF00BB /* NsApp.swift in Sources */,
				5A44A6782A77EE3600C04810 /* View.swift in Sources */,
				5A326AC12A7D288400629066 /* Combine.swift in Sources */,
				5A4872872A7BC98C00610359 /* Chat.swift in Sources */,
				5A4872912A7BCC9F00610359 /* LazyNukeImage.swift in Sources */,
				5A48729E2A7BF41400610359 /* DialogViewModel.swift in Sources */,
				5A326ABD2A7D255F00629066 /* ProfileView.swift in Sources */,
				5A326AB02A7D001500629066 /* ErrorHandler.swift in Sources */,
				5A44A6812A77F0F300C04810 /* Router.swift in Sources */,
				5A21B4E02A7D4BBD00CF00BB /* SearchViewModel.swift in Sources */,
				5ABC15882A7C4E7A0063128F /* AuthView.swift in Sources */,
				5A4872942A7BCEA600610359 /* AvatarView.swift in Sources */,
				5A326A9F2A7CF58400629066 /* AppDelegate.swift in Sources */,
				5A326AB82A7D22F100629066 /* AppError.swift in Sources */,
				5A44A6892A77FF7300C04810 /* ChatsView.swift in Sources */,
				5A48727D2A7BA9B400610359 /* Message.swift in Sources */,
				5ABC15942A7C687D0063128F /* ChatConversation.swift in Sources */,
				5A326AB52A7D1D5500629066 /* UserManager.swift in Sources */,
				5ABC158E2A7C5A620063128F /* MessageAction.swift in Sources */,
				5A326AB22A7D004A00629066 /* AuthenticationViewModel.swift in Sources */,
				5AD635472A7EFC7B00FE0900 /* FBTimestamp.swift in Sources */,
				5A44A67F2A77EEE100C04810 /* TabButton.swift in Sources */,
				5A4872972A7BD83200610359 /* MessageMedia.swift in Sources */,
				5A4872852A7BC91300610359 /* ChatRowView.swift in Sources */,
				5A48727F2A7BAA5100610359 /* Date.swift in Sources */,
				5A326AC52A7D338900629066 /* SearchTextField.swift in Sources */,
				5AD635432A7E76B600FE0900 /* ChatService.swift in Sources */,
				5A4872A32A7CE7A100610359 /* ChatAction.swift in Sources */,
				5A326AAA2A7CFA7200629066 /* UserService.swift in Sources */,
				5A326AA22A7CF79300629066 /* AuthenticationManager.swift in Sources */,
				5A326ABF2A7D256500629066 /* ProfileViewModel.swift in Sources */,
				5AD635492A7FB51700FE0900 /* MessageService.swift in Sources */,
				5A48729B2A7BF2A000610359 /* ChatViewModel.swift in Sources */,
				5A44A6832A77F16C00C04810 /* MainTab.swift in Sources */,
			);
			runOnlyForDeploymentPostprocessing = 0;
		};
/* End PBXSourcesBuildPhase section */

/* Begin XCBuildConfiguration section */
		5A44A66D2A77ED1000C04810 /* Debug */ = {
			isa = XCBuildConfiguration;
			buildSettings = {
				ALWAYS_SEARCH_USER_PATHS = NO;
				CLANG_ANALYZER_NONNULL = YES;
				CLANG_ANALYZER_NUMBER_OBJECT_CONVERSION = YES_AGGRESSIVE;
				CLANG_CXX_LANGUAGE_STANDARD = "gnu++20";
				CLANG_ENABLE_MODULES = YES;
				CLANG_ENABLE_OBJC_ARC = YES;
				CLANG_ENABLE_OBJC_WEAK = YES;
				CLANG_WARN_BLOCK_CAPTURE_AUTORELEASING = YES;
				CLANG_WARN_BOOL_CONVERSION = YES;
				CLANG_WARN_COMMA = YES;
				CLANG_WARN_CONSTANT_CONVERSION = YES;
				CLANG_WARN_DEPRECATED_OBJC_IMPLEMENTATIONS = YES;
				CLANG_WARN_DIRECT_OBJC_ISA_USAGE = YES_ERROR;
				CLANG_WARN_DOCUMENTATION_COMMENTS = YES;
				CLANG_WARN_EMPTY_BODY = YES;
				CLANG_WARN_ENUM_CONVERSION = YES;
				CLANG_WARN_INFINITE_RECURSION = YES;
				CLANG_WARN_INT_CONVERSION = YES;
				CLANG_WARN_NON_LITERAL_NULL_CONVERSION = YES;
				CLANG_WARN_OBJC_IMPLICIT_RETAIN_SELF = YES;
				CLANG_WARN_OBJC_LITERAL_CONVERSION = YES;
				CLANG_WARN_OBJC_ROOT_CLASS = YES_ERROR;
				CLANG_WARN_QUOTED_INCLUDE_IN_FRAMEWORK_HEADER = YES;
				CLANG_WARN_RANGE_LOOP_ANALYSIS = YES;
				CLANG_WARN_STRICT_PROTOTYPES = YES;
				CLANG_WARN_SUSPICIOUS_MOVE = YES;
				CLANG_WARN_UNGUARDED_AVAILABILITY = YES_AGGRESSIVE;
				CLANG_WARN_UNREACHABLE_CODE = YES;
				CLANG_WARN__DUPLICATE_METHOD_MATCH = YES;
				COPY_PHASE_STRIP = NO;
				DEBUG_INFORMATION_FORMAT = dwarf;
				ENABLE_STRICT_OBJC_MSGSEND = YES;
				ENABLE_TESTABILITY = YES;
				GCC_C_LANGUAGE_STANDARD = gnu11;
				GCC_DYNAMIC_NO_PIC = NO;
				GCC_NO_COMMON_BLOCKS = YES;
				GCC_OPTIMIZATION_LEVEL = 0;
				GCC_PREPROCESSOR_DEFINITIONS = (
					"DEBUG=1",
					"$(inherited)",
				);
				GCC_WARN_64_TO_32_BIT_CONVERSION = YES;
				GCC_WARN_ABOUT_RETURN_TYPE = YES_ERROR;
				GCC_WARN_UNDECLARED_SELECTOR = YES;
				GCC_WARN_UNINITIALIZED_AUTOS = YES_AGGRESSIVE;
				GCC_WARN_UNUSED_FUNCTION = YES;
				GCC_WARN_UNUSED_VARIABLE = YES;
				MACOSX_DEPLOYMENT_TARGET = 13.3;
				MTL_ENABLE_DEBUG_INFO = INCLUDE_SOURCE;
				MTL_FAST_MATH = YES;
				ONLY_ACTIVE_ARCH = YES;
				SDKROOT = macosx;
				SWIFT_ACTIVE_COMPILATION_CONDITIONS = DEBUG;
				SWIFT_OPTIMIZATION_LEVEL = "-Onone";
			};
			name = Debug;
		};
		5A44A66E2A77ED1000C04810 /* Release */ = {
			isa = XCBuildConfiguration;
			buildSettings = {
				ALWAYS_SEARCH_USER_PATHS = NO;
				CLANG_ANALYZER_NONNULL = YES;
				CLANG_ANALYZER_NUMBER_OBJECT_CONVERSION = YES_AGGRESSIVE;
				CLANG_CXX_LANGUAGE_STANDARD = "gnu++20";
				CLANG_ENABLE_MODULES = YES;
				CLANG_ENABLE_OBJC_ARC = YES;
				CLANG_ENABLE_OBJC_WEAK = YES;
				CLANG_WARN_BLOCK_CAPTURE_AUTORELEASING = YES;
				CLANG_WARN_BOOL_CONVERSION = YES;
				CLANG_WARN_COMMA = YES;
				CLANG_WARN_CONSTANT_CONVERSION = YES;
				CLANG_WARN_DEPRECATED_OBJC_IMPLEMENTATIONS = YES;
				CLANG_WARN_DIRECT_OBJC_ISA_USAGE = YES_ERROR;
				CLANG_WARN_DOCUMENTATION_COMMENTS = YES;
				CLANG_WARN_EMPTY_BODY = YES;
				CLANG_WARN_ENUM_CONVERSION = YES;
				CLANG_WARN_INFINITE_RECURSION = YES;
				CLANG_WARN_INT_CONVERSION = YES;
				CLANG_WARN_NON_LITERAL_NULL_CONVERSION = YES;
				CLANG_WARN_OBJC_IMPLICIT_RETAIN_SELF = YES;
				CLANG_WARN_OBJC_LITERAL_CONVERSION = YES;
				CLANG_WARN_OBJC_ROOT_CLASS = YES_ERROR;
				CLANG_WARN_QUOTED_INCLUDE_IN_FRAMEWORK_HEADER = YES;
				CLANG_WARN_RANGE_LOOP_ANALYSIS = YES;
				CLANG_WARN_STRICT_PROTOTYPES = YES;
				CLANG_WARN_SUSPICIOUS_MOVE = YES;
				CLANG_WARN_UNGUARDED_AVAILABILITY = YES_AGGRESSIVE;
				CLANG_WARN_UNREACHABLE_CODE = YES;
				CLANG_WARN__DUPLICATE_METHOD_MATCH = YES;
				COPY_PHASE_STRIP = NO;
				DEBUG_INFORMATION_FORMAT = "dwarf-with-dsym";
				ENABLE_NS_ASSERTIONS = NO;
				ENABLE_STRICT_OBJC_MSGSEND = YES;
				GCC_C_LANGUAGE_STANDARD = gnu11;
				GCC_NO_COMMON_BLOCKS = YES;
				GCC_WARN_64_TO_32_BIT_CONVERSION = YES;
				GCC_WARN_ABOUT_RETURN_TYPE = YES_ERROR;
				GCC_WARN_UNDECLARED_SELECTOR = YES;
				GCC_WARN_UNINITIALIZED_AUTOS = YES_AGGRESSIVE;
				GCC_WARN_UNUSED_FUNCTION = YES;
				GCC_WARN_UNUSED_VARIABLE = YES;
				MACOSX_DEPLOYMENT_TARGET = 13.3;
				MTL_ENABLE_DEBUG_INFO = NO;
				MTL_FAST_MATH = YES;
				SDKROOT = macosx;
				SWIFT_COMPILATION_MODE = wholemodule;
				SWIFT_OPTIMIZATION_LEVEL = "-O";
			};
			name = Release;
		};
		5A44A6702A77ED1000C04810 /* Debug */ = {
			isa = XCBuildConfiguration;
			buildSettings = {
				ASSETCATALOG_COMPILER_APPICON_NAME = AppIcon;
				ASSETCATALOG_COMPILER_GLOBAL_ACCENT_COLOR_NAME = AccentColor;
				CODE_SIGN_ENTITLEMENTS = Vama/Vama.entitlements;
				CODE_SIGN_STYLE = Automatic;
				COMBINE_HIDPI_IMAGES = YES;
				CURRENT_PROJECT_VERSION = 1;
				DEVELOPMENT_ASSET_PATHS = "\"Vama/Preview Content\"";
				DEVELOPMENT_TEAM = 92PU6D6MCQ;
				ENABLE_HARDENED_RUNTIME = YES;
				ENABLE_PREVIEWS = YES;
				GENERATE_INFOPLIST_FILE = YES;
				INFOPLIST_FILE = Vama/Info.plist;
				INFOPLIST_KEY_NSHumanReadableCopyright = "";
				LD_RUNPATH_SEARCH_PATHS = (
					"$(inherited)",
					"@executable_path/../Frameworks",
				);
				MARKETING_VERSION = 1.0;
				PRODUCT_BUNDLE_IDENTIFIER = com.Bogdan.Vama;
				PRODUCT_NAME = "$(TARGET_NAME)";
				SWIFT_EMIT_LOC_STRINGS = YES;
				SWIFT_VERSION = 5.0;
			};
			name = Debug;
		};
		5A44A6712A77ED1000C04810 /* Release */ = {
			isa = XCBuildConfiguration;
			buildSettings = {
				ASSETCATALOG_COMPILER_APPICON_NAME = AppIcon;
				ASSETCATALOG_COMPILER_GLOBAL_ACCENT_COLOR_NAME = AccentColor;
				CODE_SIGN_ENTITLEMENTS = Vama/Vama.entitlements;
				CODE_SIGN_STYLE = Automatic;
				COMBINE_HIDPI_IMAGES = YES;
				CURRENT_PROJECT_VERSION = 1;
				DEVELOPMENT_ASSET_PATHS = "\"Vama/Preview Content\"";
				DEVELOPMENT_TEAM = 92PU6D6MCQ;
				ENABLE_HARDENED_RUNTIME = YES;
				ENABLE_PREVIEWS = YES;
				GENERATE_INFOPLIST_FILE = YES;
				INFOPLIST_FILE = Vama/Info.plist;
				INFOPLIST_KEY_NSHumanReadableCopyright = "";
				LD_RUNPATH_SEARCH_PATHS = (
					"$(inherited)",
					"@executable_path/../Frameworks",
				);
				MARKETING_VERSION = 1.0;
				PRODUCT_BUNDLE_IDENTIFIER = com.Bogdan.Vama;
				PRODUCT_NAME = "$(TARGET_NAME)";
				SWIFT_EMIT_LOC_STRINGS = YES;
				SWIFT_VERSION = 5.0;
			};
			name = Release;
		};
/* End XCBuildConfiguration section */

/* Begin XCConfigurationList section */
		5A44A65B2A77ED0E00C04810 /* Build configuration list for PBXProject "Vama" */ = {
			isa = XCConfigurationList;
			buildConfigurations = (
				5A44A66D2A77ED1000C04810 /* Debug */,
				5A44A66E2A77ED1000C04810 /* Release */,
			);
			defaultConfigurationIsVisible = 0;
			defaultConfigurationName = Release;
		};
		5A44A66F2A77ED1000C04810 /* Build configuration list for PBXNativeTarget "Vama" */ = {
			isa = XCConfigurationList;
			buildConfigurations = (
				5A44A6702A77ED1000C04810 /* Debug */,
				5A44A6712A77ED1000C04810 /* Release */,
			);
			defaultConfigurationIsVisible = 0;
			defaultConfigurationName = Release;
		};
/* End XCConfigurationList section */

/* Begin XCRemoteSwiftPackageReference section */
		5A326A932A7CF4AE00629066 /* XCRemoteSwiftPackageReference "firebase-ios-sdk" */ = {
			isa = XCRemoteSwiftPackageReference;
			repositoryURL = "https://github.com/firebase/firebase-ios-sdk";
			requirement = {
				kind = upToNextMajorVersion;
				minimumVersion = 10.0.0;
			};
		};
		5A48728C2A7BCC5400610359 /* XCRemoteSwiftPackageReference "NukeUI" */ = {
			isa = XCRemoteSwiftPackageReference;
			repositoryURL = "https://github.com/kean/NukeUI";
			requirement = {
				kind = upToNextMajorVersion;
				minimumVersion = 0.8.3;
			};
		};
		5A48729F2A7BF63400610359 /* XCRemoteSwiftPackageReference "swift-algorithms" */ = {
			isa = XCRemoteSwiftPackageReference;
			repositoryURL = "https://github.com/apple/swift-algorithms.git";
			requirement = {
				kind = upToNextMajorVersion;
				minimumVersion = 1.0.0;
			};
		};
/* End XCRemoteSwiftPackageReference section */

/* Begin XCSwiftPackageProductDependency section */
		5A326A942A7CF4AE00629066 /* FirebaseAuth */ = {
			isa = XCSwiftPackageProductDependency;
			package = 5A326A932A7CF4AE00629066 /* XCRemoteSwiftPackageReference "firebase-ios-sdk" */;
			productName = FirebaseAuth;
		};
		5A326A962A7CF4AE00629066 /* FirebaseFirestore */ = {
			isa = XCSwiftPackageProductDependency;
			package = 5A326A932A7CF4AE00629066 /* XCRemoteSwiftPackageReference "firebase-ios-sdk" */;
			productName = FirebaseFirestore;
		};
		5A326A982A7CF4AE00629066 /* FirebaseFirestoreSwift */ = {
			isa = XCSwiftPackageProductDependency;
			package = 5A326A932A7CF4AE00629066 /* XCRemoteSwiftPackageReference "firebase-ios-sdk" */;
			productName = FirebaseFirestoreSwift;
		};
		5A326A9A2A7CF4AE00629066 /* FirebaseStorage */ = {
			isa = XCSwiftPackageProductDependency;
			package = 5A326A932A7CF4AE00629066 /* XCRemoteSwiftPackageReference "firebase-ios-sdk" */;
			productName = FirebaseStorage;
		};
		5A48728D2A7BCC5400610359 /* NukeUI */ = {
			isa = XCSwiftPackageProductDependency;
			package = 5A48728C2A7BCC5400610359 /* XCRemoteSwiftPackageReference "NukeUI" */;
			productName = NukeUI;
		};
		5A4872A02A7BF63400610359 /* Algorithms */ = {
			isa = XCSwiftPackageProductDependency;
			package = 5A48729F2A7BF63400610359 /* XCRemoteSwiftPackageReference "swift-algorithms" */;
			productName = Algorithms;
		};
/* End XCSwiftPackageProductDependency section */
	};
	rootObject = 5A44A6582A77ED0E00C04810 /* Project object */;
}
